{
  "version": 2,
  "dependencies": {
    ".NETStandard,Version=v2.1": {
      "Fable.Core": {
        "type": "Direct",
        "requested": "[5.2.0, )",
        "resolved": "5.2.0",
        "contentHash": "3+HVoyYMjPGeKJEhMzRti0coDS6AkLVOWXmGwSvqokeTuwdZLyiKMoNgQrE6ZeJ0cSy9qHBB4VBpw5RAfb6zmQ==",
        "dependencies": {
          "FSharp.Core": "4.7.2"
        }
      },
      "Fable.Promise": {
        "type": "Direct",
        "requested": "[3.2.1, )",
        "resolved": "3.2.1",
        "contentHash": "OKiQ4yU8w6krUUY/5oHn+qIYZWS6qg8ts3kr6STRsub2fbwyodisewCK+rBbReZgzvHnLxNwP8YEZZxDEL6UEQ==",
        "dependencies": {
          "FSharp.Core": "4.7.2",
          "Fable.Core": "5.2.0"
        }
      },
      "FSharp.Core": {
        "type": "Direct",
        "requested": "[10.1.301, )",
        "resolved": "10.1.301",
        "contentHash": "excLf2zM/qUB3WhRUfI0xvOOaPwcRAEdYT/BXe9eiTKySnWVuIKMQTf5+6ETy5nsb1dpLp1s2j2yAM/XcRgFMg=="
      },
      "Scriptorium.Nib": {
        "type": "Direct",
        "requested": "[0.4.1, )",
        "resolved": "0.4.1",
        "contentHash": "UDZbD1o7hosNjPlMiLPYGtFZRb+2Rp2c+HXbxfGX3YaouS5j6ZXqTFqLURabIcMnrFIn9MwmDH9WGGZLxPp1Rw==",
        "dependencies": {
          "FSharp.Core": "10.0.101",
          "Scriptorium.Ink": "0.5.0"
        }
      },
      "Scriptorium.Nib.Browser": {
        "type": "Direct",
        "requested": "[0.3.1, )",
        "resolved": "0.3.1",
        "contentHash": "5WL4Q3I2KGWyt9lAsTrxKucFcp0IV/1y8yi37EImgg7kmRt1KDmLLPvU/Co+GOInOGkEGjil/JQu/JALTwGFPQ==",
        "dependencies": {
          "FSharp.Core": "10.0.101",
          "Fable.Core": "5.2.0",
          "Fable.Promise": "3.2.0",
          "Glutinum.Types": "0.1.0",
          "Scriptorium.Nib": "0.4.1",
          "Scriptorium.Quill": "0.7.1"
        }
      },
      "Scriptorium.Quill": {
        "type": "Direct",
        "requested": "[0.7.1, )",
        "resolved": "0.7.1",
        "contentHash": "Fgy7GumQgehmhOiBnIubm8tYLGHOHr33DF2r2bxE+iiGH4NbuwKljYF5V3MGTdMMBG8oLjgICKWSS0+Pp5cxvg==",
        "dependencies": {
          "FSharp.Core": "10.0.101",
          "Fable.Core": "5.2.0",
          "Scriptorium.Ink": "0.5.0",
          "Scriptorium.Nib": "0.4.1",
          "Scriptorium.Parchment": "0.6.1"
        }
      },
      "Glutinum.Types": {
        "type": "Transitive",
        "resolved": "0.1.0",
        "contentHash": "2VvjbyCXsSk3a0d4Uy/mEeMcpZ8dCCmo++TyPpx4V/y+Z9JY7ZYNYhwbaJmemtP/6PBa0Cg3eu00/Zs0xq9CcA==",
        "dependencies": {
          "FSharp.Core": "5.0.2",
          "Fable.Core": "4.3.0"
        }
      },
      "Scriptorium.Ink": {
        "type": "Transitive",
        "resolved": "0.5.0",
        "contentHash": "yWZx3xl7QHyFf0kZCQOF0C1AkVO4YfY1VxxICZC4MI9PDgHWXdLtxrMIP2Hu4DREzoEvWRjjkA3A1IbSk5a6QA==",
        "dependencies": {
          "FSharp.Core": "10.0.101",
          "Fable.Core": "5.2.0"
        }
      },
      "Scriptorium.Parchment": {
        "type": "Transitive",
        "resolved": "0.6.1",
        "contentHash": "jDtjiSHD66Vv6TjYn+WYY0UQRmBjoNL1OHHG/JRJWkurrrSIaBGaZfaIhRF8lIXoOCA4o3T7so7DbDPF8LpCdg==",
        "dependencies": {
          "FSharp.Core": "10.0.101",
          "Fable.Core": "5.2.0",
          "Scriptorium.Ink": "0.5.0"
        }
      }
    }
  }
}