
Microsoft Visual Studio Solution File, Format Version 12.00
# Visual Studio Version 17
VisualStudioVersion = 17.0.31903.59
MinimumVisualStudioVersion = 10.0.40219.1
Project("{2150E333-8FDC-42A3-9474-1A3956D46DE8}") = "src", "src", "{C75BB3D7-CD0C-46A8-862E-4DEF5D95FB87}"
EndProject
Project("{F2A71F9B-5D33-465A-A702-920D77279786}") = "Glutinum.Converter", "src\Glutinum.Converter\Glutinum.Converter.fsproj", "{58CF9C5B-77C4-4683-87B3-E62529CAAB09}"
EndProject
Project("{F2A71F9B-5D33-465A-A702-920D77279786}") = "Glutinum.Converter.CLI", "src\Glutinum.Converter.CLI\Glutinum.Converter.CLI.fsproj", "{35A00569-9810-40D3-B36D-3D651F162831}"
EndProject
Project("{F2A71F9B-5D33-465A-A702-920D77279786}") = "Glutinum.Build", "src\Glutinum.Build\Glutinum.Build.fsproj", "{1566C4D2-0960-4F46-B6BB-F85426C277A4}"
EndProject
Project("{F2A71F9B-5D33-465A-A702-920D77279786}") = "Glutinum.Web", "src\Glutinum.Web\Glutinum.Web.fsproj", "{A3123CF8-74D0-46FD-9558-BB22557DCD60}"
EndProject
Project("{F2A71F9B-5D33-465A-A702-920D77279786}") = "Glutinum.Types", "src\Glutinum.Types\Glutinum.Types.fsproj", "{960AAB9A-90EE-454D-AD90-30DB9C6232BC}"
EndProject
Project("{2150E333-8FDC-42A3-9474-1A3956D46DE8}") = "bindings", "bindings", "{D683BF3D-D126-42E8-A222-A84F83186095}"
EndProject
Project("{F2A71F9B-5D33-465A-A702-920D77279786}") = "Glutinum.Web", "bindings\Glutinum.Web\Glutinum.Web.fsproj", "{504208A1-B84A-4FD5-8619-FA3F1C3FC613}"
EndProject
Project("{F2A71F9B-5D33-465A-A702-920D77279786}") = "Glutinum.Node", "bindings\Glutinum.Node\Glutinum.Node.fsproj", "{E934E61C-7A27-4593-86FE-059A4B6B5C60}"
EndProject
Project("{2150E333-8FDC-42A3-9474-1A3956D46DE8}") = "tests", "tests", "{0AB3BF05-4346-4AA6-1389-037BE0695223}"
EndProject
Project("{F2A71F9B-5D33-465A-A702-920D77279786}") = "Glutinum.Node.Tests", "tests\Glutinum.Node.Tests\Glutinum.Node.Tests.fsproj", "{A22712F4-858A-48EA-9121-EA649E41367D}"
EndProject
Project("{F2A71F9B-5D33-465A-A702-920D77279786}") = "Glutinum.Web.Tests", "tests\Glutinum.Web.Tests\Glutinum.Web.Tests.fsproj", "{D09B2F57-4E76-4AE7-BA20-4FD400E8A197}"
EndProject
Project("{F2A71F9B-5D33-465A-A702-920D77279786}") = "Page", "tests\Glutinum.Web.Tests\page\Page.fsproj", "{874F95D7-986F-419F-A9B9-AF25651FFD24}"
EndProject
Global
	GlobalSection(SolutionConfigurationPlatforms) = preSolution
		Debug|Any CPU = Debug|Any CPU
		Debug|x64 = Debug|x64
		Debug|x86 = Debug|x86
		Release|Any CPU = Release|Any CPU
		Release|x64 = Release|x64
		Release|x86 = Release|x86
	EndGlobalSection
	GlobalSection(ProjectConfigurationPlatforms) = postSolution
		{58CF9C5B-77C4-4683-87B3-E62529CAAB09}.Debug|Any CPU.ActiveCfg = Debug|Any CPU
		{58CF9C5B-77C4-4683-87B3-E62529CAAB09}.Debug|Any CPU.Build.0 = Debug|Any CPU
		{58CF9C5B-77C4-4683-87B3-E62529CAAB09}.Debug|x64.ActiveCfg = Debug|Any CPU
		{58CF9C5B-77C4-4683-87B3-E62529CAAB09}.Debug|x64.Build.0 = Debug|Any CPU
		{58CF9C5B-77C4-4683-87B3-E62529CAAB09}.Debug|x86.ActiveCfg = Debug|Any CPU
		{58CF9C5B-77C4-4683-87B3-E62529CAAB09}.Debug|x86.Build.0 = Debug|Any CPU
		{58CF9C5B-77C4-4683-87B3-E62529CAAB09}.Release|Any CPU.ActiveCfg = Release|Any CPU
		{58CF9C5B-77C4-4683-87B3-E62529CAAB09}.Release|Any CPU.Build.0 = Release|Any CPU
		{58CF9C5B-77C4-4683-87B3-E62529CAAB09}.Release|x64.ActiveCfg = Release|Any CPU
		{58CF9C5B-77C4-4683-87B3-E62529CAAB09}.Release|x64.Build.0 = Release|Any CPU
		{58CF9C5B-77C4-4683-87B3-E62529CAAB09}.Release|x86.ActiveCfg = Release|Any CPU
		{58CF9C5B-77C4-4683-87B3-E62529CAAB09}.Release|x86.Build.0 = Release|Any CPU
		{35A00569-9810-40D3-B36D-3D651F162831}.Debug|Any CPU.ActiveCfg = Debug|Any CPU
		{35A00569-9810-40D3-B36D-3D651F162831}.Debug|Any CPU.Build.0 = Debug|Any CPU
		{35A00569-9810-40D3-B36D-3D651F162831}.Debug|x64.ActiveCfg = Debug|Any CPU
		{35A00569-9810-40D3-B36D-3D651F162831}.Debug|x64.Build.0 = Debug|Any CPU
		{35A00569-9810-40D3-B36D-3D651F162831}.Debug|x86.ActiveCfg = Debug|Any CPU
		{35A00569-9810-40D3-B36D-3D651F162831}.Debug|x86.Build.0 = Debug|Any CPU
		{35A00569-9810-40D3-B36D-3D651F162831}.Release|Any CPU.ActiveCfg = Release|Any CPU
		{35A00569-9810-40D3-B36D-3D651F162831}.Release|Any CPU.Build.0 = Release|Any CPU
		{35A00569-9810-40D3-B36D-3D651F162831}.Release|x64.ActiveCfg = Release|Any CPU
		{35A00569-9810-40D3-B36D-3D651F162831}.Release|x64.Build.0 = Release|Any CPU
		{35A00569-9810-40D3-B36D-3D651F162831}.Release|x86.ActiveCfg = Release|Any CPU
		{35A00569-9810-40D3-B36D-3D651F162831}.Release|x86.Build.0 = Release|Any CPU
		{1566C4D2-0960-4F46-B6BB-F85426C277A4}.Debug|Any CPU.ActiveCfg = Debug|Any CPU
		{1566C4D2-0960-4F46-B6BB-F85426C277A4}.Debug|Any CPU.Build.0 = Debug|Any CPU
		{1566C4D2-0960-4F46-B6BB-F85426C277A4}.Debug|x64.ActiveCfg = Debug|Any CPU
		{1566C4D2-0960-4F46-B6BB-F85426C277A4}.Debug|x64.Build.0 = Debug|Any CPU
		{1566C4D2-0960-4F46-B6BB-F85426C277A4}.Debug|x86.ActiveCfg = Debug|Any CPU
		{1566C4D2-0960-4F46-B6BB-F85426C277A4}.Debug|x86.Build.0 = Debug|Any CPU
		{1566C4D2-0960-4F46-B6BB-F85426C277A4}.Release|Any CPU.ActiveCfg = Release|Any CPU
		{1566C4D2-0960-4F46-B6BB-F85426C277A4}.Release|Any CPU.Build.0 = Release|Any CPU
		{1566C4D2-0960-4F46-B6BB-F85426C277A4}.Release|x64.ActiveCfg = Release|Any CPU
		{1566C4D2-0960-4F46-B6BB-F85426C277A4}.Release|x64.Build.0 = Release|Any CPU
		{1566C4D2-0960-4F46-B6BB-F85426C277A4}.Release|x86.ActiveCfg = Release|Any CPU
		{1566C4D2-0960-4F46-B6BB-F85426C277A4}.Release|x86.Build.0 = Release|Any CPU
		{A3123CF8-74D0-46FD-9558-BB22557DCD60}.Debug|Any CPU.ActiveCfg = Debug|Any CPU
		{A3123CF8-74D0-46FD-9558-BB22557DCD60}.Debug|Any CPU.Build.0 = Debug|Any CPU
		{A3123CF8-74D0-46FD-9558-BB22557DCD60}.Debug|x64.ActiveCfg = Debug|Any CPU
		{A3123CF8-74D0-46FD-9558-BB22557DCD60}.Debug|x64.Build.0 = Debug|Any CPU
		{A3123CF8-74D0-46FD-9558-BB22557DCD60}.Debug|x86.ActiveCfg = Debug|Any CPU
		{A3123CF8-74D0-46FD-9558-BB22557DCD60}.Debug|x86.Build.0 = Debug|Any CPU
		{A3123CF8-74D0-46FD-9558-BB22557DCD60}.Release|Any CPU.ActiveCfg = Release|Any CPU
		{A3123CF8-74D0-46FD-9558-BB22557DCD60}.Release|Any CPU.Build.0 = Release|Any CPU
		{A3123CF8-74D0-46FD-9558-BB22557DCD60}.Release|x64.ActiveCfg = Release|Any CPU
		{A3123CF8-74D0-46FD-9558-BB22557DCD60}.Release|x64.Build.0 = Release|Any CPU
		{A3123CF8-74D0-46FD-9558-BB22557DCD60}.Release|x86.ActiveCfg = Release|Any CPU
		{A3123CF8-74D0-46FD-9558-BB22557DCD60}.Release|x86.Build.0 = Release|Any CPU
		{960AAB9A-90EE-454D-AD90-30DB9C6232BC}.Debug|Any CPU.ActiveCfg = Debug|Any CPU
		{960AAB9A-90EE-454D-AD90-30DB9C6232BC}.Debug|Any CPU.Build.0 = Debug|Any CPU
		{960AAB9A-90EE-454D-AD90-30DB9C6232BC}.Debug|x64.ActiveCfg = Debug|Any CPU
		{960AAB9A-90EE-454D-AD90-30DB9C6232BC}.Debug|x64.Build.0 = Debug|Any CPU
		{960AAB9A-90EE-454D-AD90-30DB9C6232BC}.Debug|x86.ActiveCfg = Debug|Any CPU
		{960AAB9A-90EE-454D-AD90-30DB9C6232BC}.Debug|x86.Build.0 = Debug|Any CPU
		{960AAB9A-90EE-454D-AD90-30DB9C6232BC}.Release|Any CPU.ActiveCfg = Release|Any CPU
		{960AAB9A-90EE-454D-AD90-30DB9C6232BC}.Release|Any CPU.Build.0 = Release|Any CPU
		{960AAB9A-90EE-454D-AD90-30DB9C6232BC}.Release|x64.ActiveCfg = Release|Any CPU
		{960AAB9A-90EE-454D-AD90-30DB9C6232BC}.Release|x64.Build.0 = Release|Any CPU
		{960AAB9A-90EE-454D-AD90-30DB9C6232BC}.Release|x86.ActiveCfg = Release|Any CPU
		{960AAB9A-90EE-454D-AD90-30DB9C6232BC}.Release|x86.Build.0 = Release|Any CPU
		{504208A1-B84A-4FD5-8619-FA3F1C3FC613}.Debug|Any CPU.ActiveCfg = Debug|Any CPU
		{504208A1-B84A-4FD5-8619-FA3F1C3FC613}.Debug|Any CPU.Build.0 = Debug|Any CPU
		{504208A1-B84A-4FD5-8619-FA3F1C3FC613}.Debug|x64.ActiveCfg = Debug|Any CPU
		{504208A1-B84A-4FD5-8619-FA3F1C3FC613}.Debug|x64.Build.0 = Debug|Any CPU
		{504208A1-B84A-4FD5-8619-FA3F1C3FC613}.Debug|x86.ActiveCfg = Debug|Any CPU
		{504208A1-B84A-4FD5-8619-FA3F1C3FC613}.Debug|x86.Build.0 = Debug|Any CPU
		{504208A1-B84A-4FD5-8619-FA3F1C3FC613}.Release|Any CPU.ActiveCfg = Release|Any CPU
		{504208A1-B84A-4FD5-8619-FA3F1C3FC613}.Release|Any CPU.Build.0 = Release|Any CPU
		{504208A1-B84A-4FD5-8619-FA3F1C3FC613}.Release|x64.ActiveCfg = Release|Any CPU
		{504208A1-B84A-4FD5-8619-FA3F1C3FC613}.Release|x64.Build.0 = Release|Any CPU
		{504208A1-B84A-4FD5-8619-FA3F1C3FC613}.Release|x86.ActiveCfg = Release|Any CPU
		{504208A1-B84A-4FD5-8619-FA3F1C3FC613}.Release|x86.Build.0 = Release|Any CPU
		{E934E61C-7A27-4593-86FE-059A4B6B5C60}.Debug|Any CPU.ActiveCfg = Debug|Any CPU
		{E934E61C-7A27-4593-86FE-059A4B6B5C60}.Debug|Any CPU.Build.0 = Debug|Any CPU
		{E934E61C-7A27-4593-86FE-059A4B6B5C60}.Debug|x64.ActiveCfg = Debug|Any CPU
		{E934E61C-7A27-4593-86FE-059A4B6B5C60}.Debug|x64.Build.0 = Debug|Any CPU
		{E934E61C-7A27-4593-86FE-059A4B6B5C60}.Debug|x86.ActiveCfg = Debug|Any CPU
		{E934E61C-7A27-4593-86FE-059A4B6B5C60}.Debug|x86.Build.0 = Debug|Any CPU
		{E934E61C-7A27-4593-86FE-059A4B6B5C60}.Release|Any CPU.ActiveCfg = Release|Any CPU
		{E934E61C-7A27-4593-86FE-059A4B6B5C60}.Release|Any CPU.Build.0 = Release|Any CPU
		{E934E61C-7A27-4593-86FE-059A4B6B5C60}.Release|x64.ActiveCfg = Release|Any CPU
		{E934E61C-7A27-4593-86FE-059A4B6B5C60}.Release|x64.Build.0 = Release|Any CPU
		{E934E61C-7A27-4593-86FE-059A4B6B5C60}.Release|x86.ActiveCfg = Release|Any CPU
		{E934E61C-7A27-4593-86FE-059A4B6B5C60}.Release|x86.Build.0 = Release|Any CPU
		{A22712F4-858A-48EA-9121-EA649E41367D}.Debug|Any CPU.ActiveCfg = Debug|Any CPU
		{A22712F4-858A-48EA-9121-EA649E41367D}.Debug|Any CPU.Build.0 = Debug|Any CPU
		{A22712F4-858A-48EA-9121-EA649E41367D}.Debug|x64.ActiveCfg = Debug|Any CPU
		{A22712F4-858A-48EA-9121-EA649E41367D}.Debug|x64.Build.0 = Debug|Any CPU
		{A22712F4-858A-48EA-9121-EA649E41367D}.Debug|x86.ActiveCfg = Debug|Any CPU
		{A22712F4-858A-48EA-9121-EA649E41367D}.Debug|x86.Build.0 = Debug|Any CPU
		{A22712F4-858A-48EA-9121-EA649E41367D}.Release|Any CPU.ActiveCfg = Release|Any CPU
		{A22712F4-858A-48EA-9121-EA649E41367D}.Release|Any CPU.Build.0 = Release|Any CPU
		{A22712F4-858A-48EA-9121-EA649E41367D}.Release|x64.ActiveCfg = Release|Any CPU
		{A22712F4-858A-48EA-9121-EA649E41367D}.Release|x64.Build.0 = Release|Any CPU
		{A22712F4-858A-48EA-9121-EA649E41367D}.Release|x86.ActiveCfg = Release|Any CPU
		{A22712F4-858A-48EA-9121-EA649E41367D}.Release|x86.Build.0 = Release|Any CPU
		{D09B2F57-4E76-4AE7-BA20-4FD400E8A197}.Debug|Any CPU.ActiveCfg = Debug|Any CPU
		{D09B2F57-4E76-4AE7-BA20-4FD400E8A197}.Debug|Any CPU.Build.0 = Debug|Any CPU
		{D09B2F57-4E76-4AE7-BA20-4FD400E8A197}.Debug|x64.ActiveCfg = Debug|Any CPU
		{D09B2F57-4E76-4AE7-BA20-4FD400E8A197}.Debug|x64.Build.0 = Debug|Any CPU
		{D09B2F57-4E76-4AE7-BA20-4FD400E8A197}.Debug|x86.ActiveCfg = Debug|Any CPU
		{D09B2F57-4E76-4AE7-BA20-4FD400E8A197}.Debug|x86.Build.0 = Debug|Any CPU
		{D09B2F57-4E76-4AE7-BA20-4FD400E8A197}.Release|Any CPU.ActiveCfg = Release|Any CPU
		{D09B2F57-4E76-4AE7-BA20-4FD400E8A197}.Release|Any CPU.Build.0 = Release|Any CPU
		{D09B2F57-4E76-4AE7-BA20-4FD400E8A197}.Release|x64.ActiveCfg = Release|Any CPU
		{D09B2F57-4E76-4AE7-BA20-4FD400E8A197}.Release|x64.Build.0 = Release|Any CPU
		{D09B2F57-4E76-4AE7-BA20-4FD400E8A197}.Release|x86.ActiveCfg = Release|Any CPU
		{D09B2F57-4E76-4AE7-BA20-4FD400E8A197}.Release|x86.Build.0 = Release|Any CPU
		{874F95D7-986F-419F-A9B9-AF25651FFD24}.Debug|Any CPU.ActiveCfg = Debug|Any CPU
		{874F95D7-986F-419F-A9B9-AF25651FFD24}.Debug|Any CPU.Build.0 = Debug|Any CPU
		{874F95D7-986F-419F-A9B9-AF25651FFD24}.Debug|x64.ActiveCfg = Debug|Any CPU
		{874F95D7-986F-419F-A9B9-AF25651FFD24}.Debug|x64.Build.0 = Debug|Any CPU
		{874F95D7-986F-419F-A9B9-AF25651FFD24}.Debug|x86.ActiveCfg = Debug|Any CPU
		{874F95D7-986F-419F-A9B9-AF25651FFD24}.Debug|x86.Build.0 = Debug|Any CPU
		{874F95D7-986F-419F-A9B9-AF25651FFD24}.Release|Any CPU.ActiveCfg = Release|Any CPU
		{874F95D7-986F-419F-A9B9-AF25651FFD24}.Release|Any CPU.Build.0 = Release|Any CPU
		{874F95D7-986F-419F-A9B9-AF25651FFD24}.Release|x64.ActiveCfg = Release|Any CPU
		{874F95D7-986F-419F-A9B9-AF25651FFD24}.Release|x64.Build.0 = Release|Any CPU
		{874F95D7-986F-419F-A9B9-AF25651FFD24}.Release|x86.ActiveCfg = Release|Any CPU
		{874F95D7-986F-419F-A9B9-AF25651FFD24}.Release|x86.Build.0 = Release|Any CPU
	EndGlobalSection
	GlobalSection(SolutionProperties) = preSolution
		HideSolutionNode = FALSE
	EndGlobalSection
	GlobalSection(NestedProjects) = preSolution
		{58CF9C5B-77C4-4683-87B3-E62529CAAB09} = {C75BB3D7-CD0C-46A8-862E-4DEF5D95FB87}
		{35A00569-9810-40D3-B36D-3D651F162831} = {C75BB3D7-CD0C-46A8-862E-4DEF5D95FB87}
		{1566C4D2-0960-4F46-B6BB-F85426C277A4} = {C75BB3D7-CD0C-46A8-862E-4DEF5D95FB87}
		{A3123CF8-74D0-46FD-9558-BB22557DCD60} = {C75BB3D7-CD0C-46A8-862E-4DEF5D95FB87}
		{960AAB9A-90EE-454D-AD90-30DB9C6232BC} = {C75BB3D7-CD0C-46A8-862E-4DEF5D95FB87}
		{504208A1-B84A-4FD5-8619-FA3F1C3FC613} = {D683BF3D-D126-42E8-A222-A84F83186095}
		{E934E61C-7A27-4593-86FE-059A4B6B5C60} = {D683BF3D-D126-42E8-A222-A84F83186095}
		{A22712F4-858A-48EA-9121-EA649E41367D} = {0AB3BF05-4346-4AA6-1389-037BE0695223}
		{D09B2F57-4E76-4AE7-BA20-4FD400E8A197} = {0AB3BF05-4346-4AA6-1389-037BE0695223}
		{874F95D7-986F-419F-A9B9-AF25651FFD24} = {0AB3BF05-4346-4AA6-1389-037BE0695223}
	EndGlobalSection
EndGlobal
