
Microsoft Visual Studio Solution File, Format Version 12.00
# Visual Studio Version 17
VisualStudioVersion = 17.0.31903.59
MinimumVisualStudioVersion = 10.0.40219.1
Project("{2150E333-8FDC-42A3-9474-1A3956D46DE8}") = "src", "src", "{C75BB3D7-CD0C-46A8-862E-4DEF5D95FB87}"
EndProject
Project("{F2A71F9B-5D33-465A-A702-920D77279786}") = "Glutinum.Converter", "src\Glutinum.Converter\Glutinum.Converter.fsproj", "{58CF9C5B-77C4-4683-87B3-E62529CAAB09}"
EndProject
Project("{F2A71F9B-5D33-465A-A702-920D77279786}") = "Glutinum.Converter.CLI", "src\Glutinum.Converter.CLI\Glutinum.Converter.CLI.fsproj", "{35A00569-9810-40D3-B36D-3D651F162831}"
EndProject
Project("{F2A71F9B-5D33-465A-A702-920D77279786}") = "Glutinum.Build", "src\Glutinum.Build\Glutinum.Build.fsproj", "{1566C4D2-0960-4F46-B6BB-F85426C277A4}"
EndProject
Project("{F2A71F9B-5D33-465A-A702-920D77279786}") = "Glutinum.Web", "src\Glutinum.Web\Glutinum.Web.fsproj", "{A3123CF8-74D0-46FD-9558-BB22557DCD60}"
EndProject
Project("{F2A71F9B-5D33-465A-A702-920D77279786}") = "Glutinum.Types", "src\Glutinum.Types\Glutinum.Types.fsproj", "{960AAB9A-90EE-454D-AD90-30DB9C6232BC}"
EndProject
Global
	GlobalSection(SolutionConfigurationPlatforms) = preSolution
		Debug|Any CPU = Debug|Any CPU
		Release|Any CPU = Release|Any CPU
	EndGlobalSection
	GlobalSection(SolutionProperties) = preSolution
		HideSolutionNode = FALSE
	EndGlobalSection
	GlobalSection(ProjectConfigurationPlatforms) = postSolution
		{58CF9C5B-77C4-4683-87B3-E62529CAAB09}.Debug|Any CPU.ActiveCfg = Debug|Any CPU
		{58CF9C5B-77C4-4683-87B3-E62529CAAB09}.Debug|Any CPU.Build.0 = Debug|Any CPU
		{58CF9C5B-77C4-4683-87B3-E62529CAAB09}.Release|Any CPU.ActiveCfg = Release|Any CPU
		{58CF9C5B-77C4-4683-87B3-E62529CAAB09}.Release|Any CPU.Build.0 = Release|Any CPU
		{35A00569-9810-40D3-B36D-3D651F162831}.Debug|Any CPU.ActiveCfg = Debug|Any CPU
		{35A00569-9810-40D3-B36D-3D651F162831}.Debug|Any CPU.Build.0 = Debug|Any CPU
		{35A00569-9810-40D3-B36D-3D651F162831}.Release|Any CPU.ActiveCfg = Release|Any CPU
		{35A00569-9810-40D3-B36D-3D651F162831}.Release|Any CPU.Build.0 = Release|Any CPU
		{1566C4D2-0960-4F46-B6BB-F85426C277A4}.Debug|Any CPU.ActiveCfg = Debug|Any CPU
		{1566C4D2-0960-4F46-B6BB-F85426C277A4}.Debug|Any CPU.Build.0 = Debug|Any CPU
		{1566C4D2-0960-4F46-B6BB-F85426C277A4}.Release|Any CPU.ActiveCfg = Release|Any CPU
		{1566C4D2-0960-4F46-B6BB-F85426C277A4}.Release|Any CPU.Build.0 = Release|Any CPU
		{A3123CF8-74D0-46FD-9558-BB22557DCD60}.Debug|Any CPU.ActiveCfg = Debug|Any CPU
		{A3123CF8-74D0-46FD-9558-BB22557DCD60}.Debug|Any CPU.Build.0 = Debug|Any CPU
		{A3123CF8-74D0-46FD-9558-BB22557DCD60}.Release|Any CPU.ActiveCfg = Release|Any CPU
		{A3123CF8-74D0-46FD-9558-BB22557DCD60}.Release|Any CPU.Build.0 = Release|Any CPU
		{960AAB9A-90EE-454D-AD90-30DB9C6232BC}.Debug|Any CPU.ActiveCfg = Debug|Any CPU
		{960AAB9A-90EE-454D-AD90-30DB9C6232BC}.Debug|Any CPU.Build.0 = Debug|Any CPU
		{960AAB9A-90EE-454D-AD90-30DB9C6232BC}.Release|Any CPU.ActiveCfg = Release|Any CPU
		{960AAB9A-90EE-454D-AD90-30DB9C6232BC}.Release|Any CPU.Build.0 = Release|Any CPU
	EndGlobalSection
	GlobalSection(NestedProjects) = preSolution
		{58CF9C5B-77C4-4683-87B3-E62529CAAB09} = {C75BB3D7-CD0C-46A8-862E-4DEF5D95FB87}
		{35A00569-9810-40D3-B36D-3D651F162831} = {C75BB3D7-CD0C-46A8-862E-4DEF5D95FB87}
		{1566C4D2-0960-4F46-B6BB-F85426C277A4} = {C75BB3D7-CD0C-46A8-862E-4DEF5D95FB87}
		{A3123CF8-74D0-46FD-9558-BB22557DCD60} = {C75BB3D7-CD0C-46A8-862E-4DEF5D95FB87}
		{960AAB9A-90EE-454D-AD90-30DB9C6232BC} = {C75BB3D7-CD0C-46A8-862E-4DEF5D95FB87}
	EndGlobalSection
EndGlobal
