{
  "version": 2,
  "dependencies": {
    ".NETStandard,Version=v2.0": {
      "Fable.Browser.Navigator": {
        "type": "Direct",
        "requested": "[2.5.0, )",
        "resolved": "2.5.0",
        "contentHash": "ScyKYpmwYxmIvXAyf7GveVjbv5cP96hHsBNs0+OL9TT/uPLsL12z/j/PhMxKakfQn8dzQOryC5tPZOoExH9YVg==",
        "dependencies": {
          "FSharp.Core": "4.7.2",
          "Fable.Browser.Gamepad": "1.3.0",
          "Fable.Browser.Geolocation": "1.3.0",
          "Fable.Browser.MediaStream": "3.3.0",
          "Fable.Browser.Worker": "1.3.0",
          "Fable.Core": "3.2.8"
        }
      },
      "Fable.Core": {
        "type": "Direct",
        "requested": "[5.1.0, )",
        "resolved": "5.1.0",
        "contentHash": "YtU/i2SlymwzBhYl0rvhQ9uHJAsMpNRT4LVPDHz47WiiAlqreiGXMBNVk84f9NP7Pl9af/XhCkI0t2Ss1lYfKQ==",
        "dependencies": {
          "FSharp.Core": "4.7.2"
        }
      },
      "Fable.Elmish": {
        "type": "Direct",
        "requested": "[5.0.2, )",
        "resolved": "5.0.2",
        "contentHash": "2/5a5Isu9O1cQQeUZ4I70ZFKF1kkl14xoQXZ6zP4tWTQotNDJCWN2LlLku+1+4mO/jnOUGQy2jJ1KgzG5MhoLw==",
        "dependencies": {
          "FSharp.Core": "4.7.2",
          "Fable.Core": "4.0.0"
        }
      },
      "Fable.Elmish.Browser": {
        "type": "Direct",
        "requested": "[4.1.0, )",
        "resolved": "4.1.0",
        "contentHash": "dEYEByA1fGG4xU67vloIFqizD/okw/LqSYsiMiWvN+3W+rDs8llk+FcddK5+3SyhQEvtGCCMgaAu6tcJ61TtoQ==",
        "dependencies": {
          "FSharp.Core": "4.7.2",
          "Fable.Browser.Dom": "2.18.1",
          "Fable.Elmish": "4.2.0",
          "Fable.Elmish.UrlParser": "1.0.2"
        }
      },
      "Fable.Elmish.HMR": {
        "type": "Direct",
        "requested": "[9.0.0, )",
        "resolved": "9.0.0",
        "contentHash": "QZkTx3oB4hBWPcxBDOrxj3K0q7gglq4uTj9e91YGosY925ZEHIoogPCk0lJxsPFSuXqXyfeX/XQZY4SPB9ZdZA==",
        "dependencies": {
          "FSharp.Core": "4.7.2",
          "Fable.Core": "5.0.0",
          "Fable.Elmish.React": "5.6.0"
        }
      },
      "Fable.Elmish.React": {
        "type": "Direct",
        "requested": "[5.6.0, )",
        "resolved": "5.6.0",
        "contentHash": "rxhcPlzTIGKxToGY5oQViqd7EOC84h9ieR5nNgF++4fyCkNzarCz+ZUjqvnou+KE2XC3N5dz1jsCOxPtclHqLQ==",
        "dependencies": {
          "FSharp.Core": "4.7.2",
          "Fable.Elmish": "5.0.2",
          "Fable.ReactDom.Types": "18.2.0"
        }
      },
      "Fable.Elmish.UrlParser": {
        "type": "Direct",
        "requested": "[1.0.2, )",
        "resolved": "1.0.2",
        "contentHash": "qGAUCanlmGePl5LNM+eSOt1sEI/AheOvtfQXU8XJcIeIL+61iAmRmyeMBavlscuXzEkMYBO3Mbf147GH/GIUgg==",
        "dependencies": {
          "FSharp.Core": "4.7.2"
        }
      },
      "Feliz": {
        "type": "Direct",
        "requested": "[3.3.3, )",
        "resolved": "3.3.3",
        "contentHash": "LmAq2TW9pCBu9pFhjs9JVFzVw4LydPcDaU3pP8Q+mhrVZc22T82lQBTC886lIROegcZbBWeXfM3/e9e6ccpJAA==",
        "dependencies": {
          "Fable.Core": "4.5.0",
          "Fable.React.Types": "18.4.0",
          "Fable.ReactDom.Types": "18.2.0",
          "Feliz.CompilerPlugins": "3.2.0"
        }
      },
      "Feliz.Bulma": {
        "type": "Direct",
        "requested": "[5.0.0, )",
        "resolved": "5.0.0",
        "contentHash": "8aXfDz046nQF39Us4pqfp8N7114iIg8jlVi0yrIBk0UM31J5AKa/hdTbPwF5JqfjgatcJQEKhshW6PvJsrydHA==",
        "dependencies": {
          "FSharp.Core": "6.0.0",
          "Feliz": "3.3.1"
        }
      },
      "FSharp.Core": {
        "type": "Direct",
        "requested": "[10.1.301, )",
        "resolved": "10.1.301",
        "contentHash": "excLf2zM/qUB3WhRUfI0xvOOaPwcRAEdYT/BXe9eiTKySnWVuIKMQTf5+6ETy5nsb1dpLp1s2j2yAM/XcRgFMg=="
      },
      "Glutinum.Feliz.Iconify": {
        "type": "Direct",
        "requested": "[3.0.0, )",
        "resolved": "3.0.0",
        "contentHash": "/k/gUbI+HndLBdb22zk+h4irfKEvO3SLsHFFut95pn4rYzVD6xgPTW8RJyZhxA/k1TnKFHD8O3dPkcEcRvkuCw==",
        "dependencies": {
          "EasyBuild.PackageReleaseNotes.Tasks": "2.1.0",
          "FSharp.Core": "10.1.301",
          "Fable.Browser.Svg": "2.4.0",
          "Fable.Core": "5.1.0",
          "Feliz": "3.3.3",
          "Glutinum.Iconify": "1.0.0"
        }
      },
      "Glutinum.IconifyIcons.Lucide": {
        "type": "Direct",
        "requested": "[1.0.0, )",
        "resolved": "1.0.0",
        "contentHash": "BvmdIlcNdKxn9+K96m3lAWZTYhCC5kiIYfPbWnO5OA0yZS8ChyY1WRVQM3H3md+KBhZUh40ngbKJgQ3sLZlMqQ==",
        "dependencies": {
          "FSharp.Core": "6.0.4",
          "Fable.Core": "3.7.1",
          "Glutinum.Iconify": "1.0.0"
        }
      },
      "Glutinum.IconifyIcons.SimpleIcons": {
        "type": "Direct",
        "requested": "[1.0.0, )",
        "resolved": "1.0.0",
        "contentHash": "Xd47LYNYPawDZHi64lT7Nxg19MCC6i7geb7XuVhDkaM0JmOGisAEDuRlUct2og+3u0vaePRErWW14a4JFi4wMg==",
        "dependencies": {
          "FSharp.Core": "6.0.4",
          "Fable.Core": "3.7.1",
          "Glutinum.Iconify": "1.0.0"
        }
      },
      "NETStandard.Library": {
        "type": "Direct",
        "requested": "[2.0.3, )",
        "resolved": "2.0.3",
        "contentHash": "st47PosZSHrjECdjeIzZQbzivYBJFv6P2nv4cj2ypdI204DO+vZ7l5raGMiX4eXMJ53RfOIg+/s4DHVZ54Nu2A==",
        "dependencies": {
          "Microsoft.NETCore.Platforms": "1.1.0"
        }
      },
      "Thoth.Elmish.Debouncer": {
        "type": "Direct",
        "requested": "[2.1.0, )",
        "resolved": "2.1.0",
        "contentHash": "WD96bCfW6YsUeTfCmA5Usw13qaYwlL2gJWGh7gsuyNUHdQU0LmbkKfsPRwSk9Mbsam5dNAQzP8psuQdHQR34gw==",
        "dependencies": {
          "FSharp.Core": "7.0.200",
          "Fable.Core": "4.0.0",
          "Fable.Elmish": "4.0.1",
          "Fable.Promise": "3.2.0",
          "Fable.React": "9.3.0"
        }
      },
      "Thoth.Elmish.Toast": {
        "type": "Direct",
        "requested": "[4.0.0, )",
        "resolved": "4.0.0",
        "contentHash": "aD2+YASxX8liJG84A0lWJInXMMnSIM15g1PQyfhxghT0XZymMCaEoEDSS5UWG65sgJd9iG3xj37qw4+wlDHehg==",
        "dependencies": {
          "FSharp.Core": "6.0.7",
          "Fable.Core": "3.7.1",
          "Fable.Elmish": "4.0.0",
          "Fable.Promise": "2.0.0",
          "Fable.React": "9.2.0"
        }
      },
      "Fable.AST": {
        "type": "Transitive",
        "resolved": "5.0.0-rc.3",
        "contentHash": "Lg+io2OqGztHovglpCdcRqYmNezS0V8L3CudaAsmcgpN7/f80ndwpuuelWd8SaDgRh+/LlwvlyzDhdmkljecvQ=="
      },
      "Fable.Browser.Blob": {
        "type": "Transitive",
        "resolved": "1.4.0",
        "contentHash": "UlaxrIXUfMmABjP+8a4XJp/Af+eCRKa8KJ57Olq4sqphmPLn/gNtp3sk5hRNBZ385lwUszbO5yd3Q/rrl9BdOQ==",
        "dependencies": {
          "FSharp.Core": "4.7.2",
          "Fable.Core": "3.2.8"
        }
      },
      "Fable.Browser.Dom": {
        "type": "Transitive",
        "resolved": "2.18.1",
        "contentHash": "UNrFT/fhsS4voVZgLSO1DwgOu9XAqKhPIfvZlPwcgRmjG85/zfL+RFaG3pJcMGgGd+uqoLKx0SYMWjZCVl+DMg==",
        "dependencies": {
          "FSharp.Core": "4.7.2",
          "Fable.Browser.Blob": "1.4.0",
          "Fable.Browser.Event": "1.7.0",
          "Fable.Browser.WebStorage": "1.3.0",
          "Fable.Core": "3.2.8"
        }
      },
      "Fable.Browser.Event": {
        "type": "Transitive",
        "resolved": "1.7.0",
        "contentHash": "x+wqXQK0l4VlCnELDp68GC/mZAx6NbicDxYPliyAoNq8RPNDeR3R782icNwI5YmA+ufq11XvG6w1JjsL/ldy7w==",
        "dependencies": {
          "FSharp.Core": "4.7.2",
          "Fable.Browser.Gamepad": "1.3.0",
          "Fable.Core": "3.2.8"
        }
      },
      "Fable.Browser.Gamepad": {
        "type": "Transitive",
        "resolved": "1.3.0",
        "contentHash": "C4HZDzCgff+U094QjpQlJh425W5j5/vojvOi2FV5UFS34l7TJ6YBgBPpKoro02QhAi/UF3AeocR+V2yiYxHb0A==",
        "dependencies": {
          "FSharp.Core": "4.7.2",
          "Fable.Core": "3.2.8"
        }
      },
      "Fable.Browser.Geolocation": {
        "type": "Transitive",
        "resolved": "1.3.0",
        "contentHash": "31s3o/uL2lDS58EMh5Rvec/sHVQyKbSp+ibcs8URnXtnhGo+oA+uOAMxNlIIWIn0VmCaSSiCjGzkK9fOxK39Ow==",
        "dependencies": {
          "FSharp.Core": "4.7.2",
          "Fable.Core": "3.2.8"
        }
      },
      "Fable.Browser.MediaStream": {
        "type": "Transitive",
        "resolved": "3.3.0",
        "contentHash": "a9yokv4lj+0VaONbmZgMWk/MRA3wrL8LQBhI4nfDFqskC99idFIl4ALmFLRwMPqB9bN+tIeGe98IwbSBX3732A==",
        "dependencies": {
          "FSharp.Core": "4.7.2",
          "Fable.Browser.Dom": "2.11.0",
          "Fable.Browser.Event": "1.5.0",
          "Fable.Core": "3.0.0"
        }
      },
      "Fable.Browser.Svg": {
        "type": "Transitive",
        "resolved": "2.4.0",
        "contentHash": "zE1yppFz3fylFM2xsgWsRIYW+aZqwBguQMYRJoQde4gEgpNztcXWm9FLjiKObaF5tf6qJ54/UJYG462KMSNTFg==",
        "dependencies": {
          "FSharp.Core": "4.7.2",
          "Fable.Browser.Dom": "2.16.0",
          "Fable.Core": "3.2.8"
        }
      },
      "Fable.Browser.WebStorage": {
        "type": "Transitive",
        "resolved": "1.3.0",
        "contentHash": "x8JL9oEtPiK0JY4GrRTqhomiLxT6Jaiv5uu8VXiNeA78bFvUogZWxQeejsK83iNFGErK5wpdiPd0tsREZTRLeg==",
        "dependencies": {
          "FSharp.Core": "4.7.2",
          "Fable.Browser.Event": "1.6.0",
          "Fable.Core": "3.2.8"
        }
      },
      "Fable.Browser.Worker": {
        "type": "Transitive",
        "resolved": "1.3.0",
        "contentHash": "6DFcAapHvMHj1iGIQ7fNw1P+NcXmgTOoyTXFoVAw3uiyp2ybqMk+yUaEvMNx0pE4HV0Lw2hHkWodiZda40Cx+g==",
        "dependencies": {
          "FSharp.Core": "4.7.2",
          "Fable.Browser.Event": "1.6.0",
          "Fable.Core": "3.2.8"
        }
      },
      "Fable.React": {
        "type": "Transitive",
        "resolved": "9.3.0",
        "contentHash": "ssmZkNpklqD2Q+EGzkAtOpWVhMq4fOIxy3HHXdMZ2QchD2fnuHgXv0f1hjPbUS0F2crLR9/asSe84ED43P9HZQ==",
        "dependencies": {
          "FSharp.Core": "4.7.2",
          "Fable.React.Types": "18.3.0",
          "Fable.ReactDom.Types": "18.2.0"
        }
      },
      "Fable.React.Types": {
        "type": "Transitive",
        "resolved": "18.4.0",
        "contentHash": "XKUBsAycABet6+ZRwIceG3dSuUzgG8SndVIu43uZMNOO+wXAeGS4u2WrRWZOetZ7Q0MlVukPVwN7jfbPRg4j/A==",
        "dependencies": {
          "FSharp.Core": "4.7.2",
          "Fable.Browser.Dom": "2.4.4",
          "Fable.Core": "3.2.7"
        }
      },
      "Fable.ReactDom.Types": {
        "type": "Transitive",
        "resolved": "18.2.0",
        "contentHash": "2WoBjsLiSgrvR68OJXko0iVaqeMbkPM5Bx813A1WlxOSCJ50M9fwnlwG/MUEZtiOIhQmku/YTJY5a8E8r1+j2Q==",
        "dependencies": {
          "FSharp.Core": "4.7.2",
          "Fable.React.Types": "18.3.0"
        }
      },
      "Feliz.CompilerPlugins": {
        "type": "Transitive",
        "resolved": "3.2.0",
        "contentHash": "UP9jymqxszqAOyL9a+VkYpSeD9oQJ0K4cJySztPMgszReoloqi9Ik5BgTkzK6Ofil9FMOeeWLtYYXfVq4OHjLw==",
        "dependencies": {
          "Fable.AST": "5.0.0-rc.3"
        }
      },
      "Glutinum.Iconify": {
        "type": "Transitive",
        "resolved": "1.0.0",
        "contentHash": "Hze7rsP8ohRBhsjnkhAotFg6DamFylTyZMS5AwplU23fFKHxTqeIPvGBsPVLlBL2lqE6R6MqJcdT0JMOkuB1hw==",
        "dependencies": {
          "FSharp.Core": "6.0.4",
          "Fable.Core": "3.7.1"
        }
      },
      "Microsoft.Bcl.AsyncInterfaces": {
        "type": "Transitive",
        "resolved": "6.0.0",
        "contentHash": "UcSjPsst+DfAdJGVDsu346FX0ci0ah+lw3WRtn18NUwEqRt70HaOQ7lI72vy3+1LxtqI3T5GWwV39rQSrCzAeg==",
        "dependencies": {
          "System.Threading.Tasks.Extensions": "4.5.4"
        }
      },
      "Microsoft.NETCore.Platforms": {
        "type": "Transitive",
        "resolved": "1.1.0",
        "contentHash": "kz0PEW2lhqygehI/d6XsPCQzD7ff7gUJaVGPVETX611eadGsA3A877GdSlU0LRVMCTH/+P3o2iDTak+S08V2+A=="
      },
      "System.Runtime.CompilerServices.Unsafe": {
        "type": "Transitive",
        "resolved": "4.5.3",
        "contentHash": "3TIsJhD1EiiT0w2CcDMN/iSSwnNnsrnbzeVHSKkaEgV85txMprmuO+Yq2AdSbeVGcg28pdNDTPK87tJhX7VFHw=="
      },
      "System.Threading.Tasks.Extensions": {
        "type": "Transitive",
        "resolved": "4.5.4",
        "contentHash": "zteT+G8xuGu6mS+mzDzYXbzS7rd3K6Fjb9RiZlYlJPam2/hU7JCBZBVEcywNuR+oZ1ncTvc/cq0faRr3P01OVg==",
        "dependencies": {
          "System.Runtime.CompilerServices.Unsafe": "4.5.3"
        }
      },
      "glutinum.converter": {
        "type": "Project",
        "dependencies": {
          "FSToolkit.ErrorHandling": "[5.2.0, )",
          "FSharp.Core": "[10.1.301, )",
          "Fable.Core": "[5.1.0, )",
          "Fable.Node": "[1.6.0, )",
          "Fable.Promise": "[3.2.0, )",
          "Glutinum.Chalk": "[1.0.0, )"
        }
      },
      "EasyBuild.PackageReleaseNotes.Tasks": {
        "type": "CentralTransitive",
        "requested": "[2.1.0, )",
        "resolved": "2.1.0",
        "contentHash": "1hMVtdIKNfHZA2Zw7L33Y1ZL/3DTK4NSy5gDaNfy2Emp753QxZoqNAPGNxv9MViqfpM62HwEIFZkUW4dCToHVg=="
      },
      "Fable.Node": {
        "type": "CentralTransitive",
        "requested": "[1.6.0, )",
        "resolved": "1.6.0",
        "contentHash": "H4jN9iqQwIx5w6qp9VscCBS2IJf0XozEWafnWENrjsq+8H9K2fywMXeKPUf2jKjdVnTnMVaA8AICOR2iMUJZAg==",
        "dependencies": {
          "FSharp.Core": "5.0.2",
          "Fable.Core": "3.1.2"
        }
      },
      "Fable.Promise": {
        "type": "CentralTransitive",
        "requested": "[3.2.0, )",
        "resolved": "3.2.0",
        "contentHash": "4A+Iiembrny2h3AE2BIbchfuLmWHNhpkOTvbTtFXHtGzHVMqEVFRXrAfdy83wX2wK5Og3fqRo1y8t/Bqkd7j6g==",
        "dependencies": {
          "FSharp.Core": "4.7.2",
          "Fable.Core": "3.7.1"
        }
      },
      "FsToolkit.ErrorHandling": {
        "type": "CentralTransitive",
        "requested": "[5.2.0, )",
        "resolved": "5.2.0",
        "contentHash": "Y7NfN1gDJ5eOANmi8/aEjGHTWrJOYyqwmgtdA3BIZggd0Ph0IIsbewtgNaLkDYFGgkKw6mGlk0iw4RZ2ZRKZhA==",
        "dependencies": {
          "FSharp.Core": "6.0.4",
          "Microsoft.Bcl.AsyncInterfaces": "6.0.0"
        }
      },
      "Glutinum.Chalk": {
        "type": "CentralTransitive",
        "requested": "[1.0.0, )",
        "resolved": "1.0.0",
        "contentHash": "6WciC09BKrxA7r5fuWN+/mmlSMPaqnKZymljo9TiW4M6dO7k2HLn7jG4dGpSrhMiQFhCHxVR7mFtWWU6Jg80wQ==",
        "dependencies": {
          "FSharp.Core": "5.0.0",
          "Fable.Core": "3.2.5"
        }
      }
    }
  }
}