{
  "version": 2,
  "dependencies": {
    ".NETStandard,Version=v2.0": {
      "Fable.Browser.Navigator": {
        "type": "Direct",
        "requested": "[2.4.0, )",
        "resolved": "2.4.0",
        "contentHash": "/MnA3M5q0fJt7WMZK5YvRidunwUP8CAfnBdW9a44JbMSS8PqdJMFqjT+rfWKZjvxkNRWE+HMtojztUVOOhF1lA==",
        "dependencies": {
          "FSharp.Core": "4.7.2",
          "Fable.Browser.Gamepad": "1.2.0",
          "Fable.Browser.Geolocation": "1.2.0",
          "Fable.Browser.MediaStream": "3.2.0",
          "Fable.Browser.Worker": "1.2.0",
          "Fable.Core": "3.1.5"
        }
      },
      "Fable.Core": {
        "type": "Direct",
        "requested": "[4.3.0, )",
        "resolved": "4.3.0",
        "contentHash": "sbK+hYs7H7I3b3sbgttI4GlvQfNPcIqSz1qPSagF3QbVA46KJ/pWSXC/Dwv0s9M6AeRGmoqcIeD7GUaLn41zkA=="
      },
      "Fable.Elmish": {
        "type": "Direct",
        "requested": "[4.1.0, )",
        "resolved": "4.1.0",
        "contentHash": "FtwtfQCbIAT6zkvqHsA4EKDXbRVrgqKA5PdVrOAafId4ov2X5qCsWo93sdUPQdeiOLN8I71ob+dT4t2KZpzKmw==",
        "dependencies": {
          "FSharp.Core": "4.7.2",
          "Fable.Core": "3.7.1"
        }
      },
      "Fable.Elmish.Browser": {
        "type": "Direct",
        "requested": "[4.0.3, )",
        "resolved": "4.0.3",
        "contentHash": "0+vGk6QZPdepeIvw2vQLHZIryum9oFjA+LyXrGpWwlXMjsvz9aBGrWYDbo+RzN7hZ602Z3pxmFAb3XTEsElPMw==",
        "dependencies": {
          "FSharp.Core": "4.7.2",
          "Fable.Browser.Dom": "2.14.0",
          "Fable.Elmish": "4.1.0",
          "Fable.Elmish.UrlParser": "1.0.2"
        }
      },
      "Fable.Elmish.HMR": {
        "type": "Direct",
        "requested": "[7.0.0, )",
        "resolved": "7.0.0",
        "contentHash": "4A3u0H3wdmF00UBFJGJK6jlRxzEgkYOegDj2bgVzYTD1L17+0mCy9+QqAYJMuOGtA2klrKAHcU43tYdm0o2Fnw==",
        "dependencies": {
          "FSharp.Core": "4.7.2",
          "Fable.Core": "3.7.1",
          "Fable.Elmish.React": "4.0.0"
        }
      },
      "Fable.Elmish.React": {
        "type": "Direct",
        "requested": "[4.0.0, )",
        "resolved": "4.0.0",
        "contentHash": "cMuWet7DhxgN2G1caYLwjLvoMkH1u75U36cUyL07yxNt/dmGp8GD/+RTtL9wpkfeThfeJHHouCkR708mJcMRpA==",
        "dependencies": {
          "FSharp.Core": "4.7.2",
          "Fable.Elmish": "4.0.0",
          "Fable.ReactDom.Types": "18.0.0"
        }
      },
      "Fable.Elmish.UrlParser": {
        "type": "Direct",
        "requested": "[1.0.2, )",
        "resolved": "1.0.2",
        "contentHash": "qGAUCanlmGePl5LNM+eSOt1sEI/AheOvtfQXU8XJcIeIL+61iAmRmyeMBavlscuXzEkMYBO3Mbf147GH/GIUgg==",
        "dependencies": {
          "FSharp.Core": "4.7.2"
        }
      },
      "Feliz": {
        "type": "Direct",
        "requested": "[2.7.0, )",
        "resolved": "2.7.0",
        "contentHash": "J5QXU2fzLJzVGWPcdnALTpTJkOm2Mlwfb08UvlGk666PaQguXYbn7ZcjPsaU7c0iDDoM/9H8YuxHNCHNjsBaaQ==",
        "dependencies": {
          "FSharp.Core": "4.7.2",
          "Fable.ReactDom.Types": "18.2.0",
          "Feliz.CompilerPlugins": "2.2.0"
        }
      },
      "Feliz.Bulma": {
        "type": "Direct",
        "requested": "[3.0.0, )",
        "resolved": "3.0.0",
        "contentHash": "EmHFhfZFddllyA7ZP6FHs0bAo/FjwZrkcAusfZGz2BQnMfQZ+zaNIKMZuvQgbfJ0vBJQTkaazVMWCA91Y2O3bQ==",
        "dependencies": {
          "FSharp.Core": "4.7.2",
          "Feliz": "2.4.0"
        }
      },
      "FSharp.Core": {
        "type": "Direct",
        "requested": "[8.0.101, )",
        "resolved": "8.0.101",
        "contentHash": "sOLz3O4BOxnTKfd5OChdRmDUy4Id0GfoEClRG4nzIod8LY1LJZcNyygKAV0A78XOLh8yvhA5hsDYKZXGCR9blw=="
      },
      "Glutinum.Feliz.Iconify": {
        "type": "Direct",
        "requested": "[2.0.0, )",
        "resolved": "2.0.0",
        "contentHash": "Exk/BCAV7NFCuJ/cTcvnwgrPG2a+LwChX8TLMyX7eXmsjBByEF4km/6cXO/R5LQ4EOS0ZkcZm9lmWOBQOucDXA==",
        "dependencies": {
          "FSharp.Core": "8.0.100",
          "Fable.Browser.Svg": "2.2.0",
          "Fable.Core": "4.2.0",
          "Feliz": "2.7.0",
          "Glutinum.Iconify": "1.0.0"
        }
      },
      "Glutinum.IconifyIcons.Lucide": {
        "type": "Direct",
        "requested": "[1.0.0, )",
        "resolved": "1.0.0",
        "contentHash": "BvmdIlcNdKxn9+K96m3lAWZTYhCC5kiIYfPbWnO5OA0yZS8ChyY1WRVQM3H3md+KBhZUh40ngbKJgQ3sLZlMqQ==",
        "dependencies": {
          "FSharp.Core": "6.0.4",
          "Fable.Core": "3.7.1",
          "Glutinum.Iconify": "1.0.0"
        }
      },
      "Glutinum.IconifyIcons.SimpleIcons": {
        "type": "Direct",
        "requested": "[1.0.0, )",
        "resolved": "1.0.0",
        "contentHash": "Xd47LYNYPawDZHi64lT7Nxg19MCC6i7geb7XuVhDkaM0JmOGisAEDuRlUct2og+3u0vaePRErWW14a4JFi4wMg==",
        "dependencies": {
          "FSharp.Core": "6.0.4",
          "Fable.Core": "3.7.1",
          "Glutinum.Iconify": "1.0.0"
        }
      },
      "NETStandard.Library": {
        "type": "Direct",
        "requested": "[2.0.3, )",
        "resolved": "2.0.3",
        "contentHash": "st47PosZSHrjECdjeIzZQbzivYBJFv6P2nv4cj2ypdI204DO+vZ7l5raGMiX4eXMJ53RfOIg+/s4DHVZ54Nu2A==",
        "dependencies": {
          "Microsoft.NETCore.Platforms": "1.1.0"
        }
      },
      "Thoth.Elmish.Debouncer": {
        "type": "Direct",
        "requested": "[2.1.0, )",
        "resolved": "2.1.0",
        "contentHash": "WD96bCfW6YsUeTfCmA5Usw13qaYwlL2gJWGh7gsuyNUHdQU0LmbkKfsPRwSk9Mbsam5dNAQzP8psuQdHQR34gw==",
        "dependencies": {
          "FSharp.Core": "7.0.200",
          "Fable.Core": "4.0.0",
          "Fable.Elmish": "4.0.1",
          "Fable.Promise": "3.2.0",
          "Fable.React": "9.3.0"
        }
      },
      "Thoth.Elmish.Toast": {
        "type": "Direct",
        "requested": "[4.0.0, )",
        "resolved": "4.0.0",
        "contentHash": "aD2+YASxX8liJG84A0lWJInXMMnSIM15g1PQyfhxghT0XZymMCaEoEDSS5UWG65sgJd9iG3xj37qw4+wlDHehg==",
        "dependencies": {
          "FSharp.Core": "6.0.7",
          "Fable.Core": "3.7.1",
          "Fable.Elmish": "4.0.0",
          "Fable.Promise": "2.0.0",
          "Fable.React": "9.2.0"
        }
      },
      "Fable.AST": {
        "type": "Transitive",
        "resolved": "4.2.1",
        "contentHash": "/4V6U7Qw/WIRRxm9NJ7b+YTXTRCTk6/YKeJnbKYaVbtT45MstA3jkFvRfV0FqVFtkG9AL4uccetreygTjK7nbQ=="
      },
      "Fable.Browser.Blob": {
        "type": "Transitive",
        "resolved": "1.3.0",
        "contentHash": "UDVl31aW99qa2NygpxlBRQ7KWUWhF6MuWTZIRB96sSZZxrs46lKYGuL+V8QMd4mKjgeU+02GgUH0tN84NeBATg==",
        "dependencies": {
          "FSharp.Core": "4.7.2",
          "Fable.Core": "3.0.0"
        }
      },
      "Fable.Browser.Dom": {
        "type": "Transitive",
        "resolved": "2.14.0",
        "contentHash": "R85V6jNb/xTwe47hHLYevsu4l8ZZrU4Nfg9CxD4vj33eXqwZa6W0l0MsyKh3+8cPV7yiZgegrRWVfr7axY0rzA==",
        "dependencies": {
          "FSharp.Core": "4.7.2",
          "Fable.Browser.Blob": "1.3.0",
          "Fable.Browser.Event": "1.5.0",
          "Fable.Browser.WebStorage": "1.2.0",
          "Fable.Core": "3.2.8"
        }
      },
      "Fable.Browser.Event": {
        "type": "Transitive",
        "resolved": "1.5.0",
        "contentHash": "Bx2AOOASIG1Eq1Pe8869H8baMePte6STmKGccGuOYMT2p6nWVS8G6ZBZb5encQ0tAL2/0vhA4KJOl4bYwUaQqg==",
        "dependencies": {
          "FSharp.Core": "4.7.2",
          "Fable.Browser.Gamepad": "1.1.0",
          "Fable.Core": "3.0.0"
        }
      },
      "Fable.Browser.Gamepad": {
        "type": "Transitive",
        "resolved": "1.2.0",
        "contentHash": "eWf5U7zPBueAP/mV6XVmeTAmh8R9N7yLnGwMGw/lDhVlYoPNalfq9U88oytCTh1g3C/YO1oMz7kM9ATvX97Z7g==",
        "dependencies": {
          "FSharp.Core": "4.7.2",
          "Fable.Core": "3.0.0"
        }
      },
      "Fable.Browser.Geolocation": {
        "type": "Transitive",
        "resolved": "1.2.0",
        "contentHash": "tD0EiNcDHlcShok/o216+0g1GwVOG4GxIvFQ4X2FQo6TiuzeJ6SIf3LTLYH9QEySev0/4z08HAKHyiA7TluIyw==",
        "dependencies": {
          "FSharp.Core": "4.7.2",
          "Fable.Core": "3.0.0"
        }
      },
      "Fable.Browser.MediaStream": {
        "type": "Transitive",
        "resolved": "3.2.0",
        "contentHash": "MXmxeQxtmx/hszUpGTxnVHPJsFaNILNaf5aaDsoOu7j1WMhQbZtoT2saYw4jP8+NXRgnOfcU3p+gT0qBYxn7tw==",
        "dependencies": {
          "FSharp.Core": "4.7.2",
          "Fable.Browser.Dom": "2.10.0",
          "Fable.Browser.Event": "1.5.0",
          "Fable.Core": "3.0.0"
        }
      },
      "Fable.Browser.Svg": {
        "type": "Transitive",
        "resolved": "2.2.0",
        "contentHash": "TJeW9AEgL5iwt5ZNDh2QhWc2Xn30FqAHXQ52lveYVNTnQg7/e/W/8xcvWqYJv0dL52YtsNOyZz2jbfy6HSYMFw==",
        "dependencies": {
          "FSharp.Core": "4.7.2",
          "Fable.Browser.Dom": "2.10.0",
          "Fable.Core": "3.0.0"
        }
      },
      "Fable.Browser.WebStorage": {
        "type": "Transitive",
        "resolved": "1.2.0",
        "contentHash": "T41JtXnYNzJRXDRndy3FiNNPRp5nnWA6JIMY063wMk+2GOv9MhdPTdTURTtMdBUcX907Gm/hRULVARyedsWM8g==",
        "dependencies": {
          "FSharp.Core": "4.7.2",
          "Fable.Browser.Event": "1.5.0",
          "Fable.Core": "3.0.0"
        }
      },
      "Fable.Browser.Worker": {
        "type": "Transitive",
        "resolved": "1.2.0",
        "contentHash": "IejqehgKoAa5UwW/1N6Dgk5a44hbvfnsmeqf61ie8g4NiSIDA6kH6iS7fdowLxNM5I051MIGPZ2qdcudpz6KRg==",
        "dependencies": {
          "FSharp.Core": "4.7.2",
          "Fable.Browser.Event": "1.5.0",
          "Fable.Core": "3.0.0"
        }
      },
      "Fable.React": {
        "type": "Transitive",
        "resolved": "9.3.0",
        "contentHash": "ssmZkNpklqD2Q+EGzkAtOpWVhMq4fOIxy3HHXdMZ2QchD2fnuHgXv0f1hjPbUS0F2crLR9/asSe84ED43P9HZQ==",
        "dependencies": {
          "FSharp.Core": "4.7.2",
          "Fable.React.Types": "18.3.0",
          "Fable.ReactDom.Types": "18.2.0"
        }
      },
      "Fable.React.Types": {
        "type": "Transitive",
        "resolved": "18.3.0",
        "contentHash": "/b8WZ3Bdfhqy9r60ZK9JGZaGNjIMb0ogsrvWIg3k7KfCEvJs5X6+7hCybVkyjVoxwzn9wLyYGRbh5wmuHQT/Vg==",
        "dependencies": {
          "FSharp.Core": "4.7.2",
          "Fable.Browser.Dom": "2.4.4",
          "Fable.Core": "3.2.7"
        }
      },
      "Fable.ReactDom.Types": {
        "type": "Transitive",
        "resolved": "18.2.0",
        "contentHash": "2WoBjsLiSgrvR68OJXko0iVaqeMbkPM5Bx813A1WlxOSCJ50M9fwnlwG/MUEZtiOIhQmku/YTJY5a8E8r1+j2Q==",
        "dependencies": {
          "FSharp.Core": "4.7.2",
          "Fable.React.Types": "18.3.0"
        }
      },
      "Feliz.CompilerPlugins": {
        "type": "Transitive",
        "resolved": "2.2.0",
        "contentHash": "ACkO++Hp4lUrEx/axeehIL5/3R8jMnak+CYpzd0/kLpejp9BETtrgjHK7oj6Lh3V9fB7WoAKsCxyPSrm4ADN2w==",
        "dependencies": {
          "FSharp.Core": "4.7.2",
          "Fable.AST": "4.2.1"
        }
      },
      "Glutinum.Iconify": {
        "type": "Transitive",
        "resolved": "1.0.0",
        "contentHash": "Hze7rsP8ohRBhsjnkhAotFg6DamFylTyZMS5AwplU23fFKHxTqeIPvGBsPVLlBL2lqE6R6MqJcdT0JMOkuB1hw==",
        "dependencies": {
          "FSharp.Core": "6.0.4",
          "Fable.Core": "3.7.1"
        }
      },
      "Microsoft.NETCore.Platforms": {
        "type": "Transitive",
        "resolved": "1.1.0",
        "contentHash": "kz0PEW2lhqygehI/d6XsPCQzD7ff7gUJaVGPVETX611eadGsA3A877GdSlU0LRVMCTH/+P3o2iDTak+S08V2+A=="
      },
      "glutinum.converter": {
        "type": "Project",
        "dependencies": {
          "Fable.Core": "[4.3.0, )",
          "Fable.Node": "[1.2.0, )",
          "Fable.Promise": "[3.2.0, )",
          "Glutinum.Chalk": "[1.0.0, )"
        }
      },
      "Fable.Node": {
        "type": "CentralTransitive",
        "requested": "[1.2.0, )",
        "resolved": "1.2.0",
        "contentHash": "FVUFFcryE6pldYopULB+mpRtE6cmlG1evvVE9wDB0O8JKWLGrStHmNF4fqn7cyN1j2ufsvlPcw88PqoCt2OGuQ==",
        "dependencies": {
          "FSharp.Core": "5.0.0",
          "Fable.Core": "3.1.2"
        }
      },
      "Fable.Promise": {
        "type": "CentralTransitive",
        "requested": "[3.2.0, )",
        "resolved": "3.2.0",
        "contentHash": "4A+Iiembrny2h3AE2BIbchfuLmWHNhpkOTvbTtFXHtGzHVMqEVFRXrAfdy83wX2wK5Og3fqRo1y8t/Bqkd7j6g==",
        "dependencies": {
          "FSharp.Core": "4.7.2",
          "Fable.Core": "3.7.1"
        }
      },
      "Glutinum.Chalk": {
        "type": "CentralTransitive",
        "requested": "[1.0.0, )",
        "resolved": "1.0.0",
        "contentHash": "6WciC09BKrxA7r5fuWN+/mmlSMPaqnKZymljo9TiW4M6dO7k2HLn7jG4dGpSrhMiQFhCHxVR7mFtWWU6Jg80wQ==",
        "dependencies": {
          "FSharp.Core": "5.0.0",
          "Fable.Core": "3.2.5"
        }
      }
    }
  }
}