{
  "version": 2,
  "dependencies": {
    ".NETStandard,Version=v2.1": {
      "EasyBuild.PackageReleaseNotes.Tasks": {
        "type": "Direct",
        "requested": "[2.1.0, )",
        "resolved": "2.1.0",
        "contentHash": "1hMVtdIKNfHZA2Zw7L33Y1ZL/3DTK4NSy5gDaNfy2Emp753QxZoqNAPGNxv9MViqfpM62HwEIFZkUW4dCToHVg=="
      },
      "Fable.Core": {
        "type": "Direct",
        "requested": "[5.2.0, )",
        "resolved": "5.2.0",
        "contentHash": "3+HVoyYMjPGeKJEhMzRti0coDS6AkLVOWXmGwSvqokeTuwdZLyiKMoNgQrE6ZeJ0cSy9qHBB4VBpw5RAfb6zmQ==",
        "dependencies": {
          "FSharp.Core": "4.7.2"
        }
      },
      "FSharp.Core": {
        "type": "Direct",
        "requested": "[10.1.301, )",
        "resolved": "10.1.301",
        "contentHash": "excLf2zM/qUB3WhRUfI0xvOOaPwcRAEdYT/BXe9eiTKySnWVuIKMQTf5+6ETy5nsb1dpLp1s2j2yAM/XcRgFMg=="
      },
      "Glutinum.Node": {
        "type": "Direct",
        "requested": "[1.0.0-beta.1, )",
        "resolved": "1.0.0-beta.1",
        "contentHash": "+G1VaumyoJ6CvcR5G0CyVa7Bq2YYnuZOzv/nmMzL8FJG/WcbR+rWMzYCGxFregJ6Gfb+B6y/qDbFuCw4ZDzE8Q==",
        "dependencies": {
          "FSharp.Core": "10.1.301",
          "Fable.Core": "5.2.0",
          "Glutinum.Types": "1.0.0-beta.1",
          "Glutinum.Web": "1.0.0-beta.1"
        }
      },
      "Glutinum.Web": {
        "type": "Transitive",
        "resolved": "1.0.0-beta.1",
        "contentHash": "xnxAfqcAyqZrGZ/xIH0irMjHDe80v2DOSUmdDpJDzAMIZZP6EJKwC+5mNxXesoZIHFDGT4hQ9VBEunRWs0KSUQ==",
        "dependencies": {
          "FSharp.Core": "10.1.301",
          "Fable.Core": "5.2.0",
          "Glutinum.Types": "1.0.0-beta.1"
        }
      },
      "glutinum.converter": {
        "type": "Project",
        "dependencies": {
          "FSToolkit.ErrorHandling": "[5.2.0, )",
          "FSharp.Core": "[10.1.301, )",
          "Fable.Core": "[5.2.0, )",
          "Fable.Promise": "[3.2.1, )",
          "Glutinum.Chalk": "[1.0.0, )",
          "Glutinum.Node": "[1.0.0-beta.1, )",
          "Glutinum.Types": "[1.0.0-beta.1, )"
        }
      },
      "Fable.Promise": {
        "type": "CentralTransitive",
        "requested": "[3.2.1, )",
        "resolved": "3.2.1",
        "contentHash": "OKiQ4yU8w6krUUY/5oHn+qIYZWS6qg8ts3kr6STRsub2fbwyodisewCK+rBbReZgzvHnLxNwP8YEZZxDEL6UEQ==",
        "dependencies": {
          "FSharp.Core": "4.7.2",
          "Fable.Core": "5.2.0"
        }
      },
      "FsToolkit.ErrorHandling": {
        "type": "CentralTransitive",
        "requested": "[5.2.0, )",
        "resolved": "5.2.0",
        "contentHash": "Y7NfN1gDJ5eOANmi8/aEjGHTWrJOYyqwmgtdA3BIZggd0Ph0IIsbewtgNaLkDYFGgkKw6mGlk0iw4RZ2ZRKZhA==",
        "dependencies": {
          "FSharp.Core": "6.0.4"
        }
      },
      "Glutinum.Chalk": {
        "type": "CentralTransitive",
        "requested": "[1.0.0, )",
        "resolved": "1.0.0",
        "contentHash": "6WciC09BKrxA7r5fuWN+/mmlSMPaqnKZymljo9TiW4M6dO7k2HLn7jG4dGpSrhMiQFhCHxVR7mFtWWU6Jg80wQ==",
        "dependencies": {
          "FSharp.Core": "5.0.0",
          "Fable.Core": "3.2.5"
        }
      },
      "Glutinum.Types": {
        "type": "CentralTransitive",
        "requested": "[1.0.0-beta.1, )",
        "resolved": "1.0.0-beta.1",
        "contentHash": "tDroSR5oeZnhY+U5SLoEj3dvcFv4prychKE/EBcf/5SGjPX+CQE3AIBcB1HutUsY1J++32Nu4MgXAdj8mpLcog==",
        "dependencies": {
          "FSharp.Core": "10.1.301",
          "Fable.Core": "5.2.0"
        }
      }
    }
  }
}