{
  "version": 2,
  "dependencies": {
    ".NETStandard,Version=v2.1": {
      "Fable.Core": {
        "type": "Direct",
        "requested": "[5.2.0, )",
        "resolved": "5.2.0",
        "contentHash": "3+HVoyYMjPGeKJEhMzRti0coDS6AkLVOWXmGwSvqokeTuwdZLyiKMoNgQrE6ZeJ0cSy9qHBB4VBpw5RAfb6zmQ==",
        "dependencies": {
          "FSharp.Core": "4.7.2"
        }
      },
      "Fable.Promise": {
        "type": "Direct",
        "requested": "[3.2.1, )",
        "resolved": "3.2.1",
        "contentHash": "OKiQ4yU8w6krUUY/5oHn+qIYZWS6qg8ts3kr6STRsub2fbwyodisewCK+rBbReZgzvHnLxNwP8YEZZxDEL6UEQ==",
        "dependencies": {
          "FSharp.Core": "4.7.2",
          "Fable.Core": "5.2.0"
        }
      },
      "FSharp.Core": {
        "type": "Direct",
        "requested": "[10.1.301, )",
        "resolved": "10.1.301",
        "contentHash": "excLf2zM/qUB3WhRUfI0xvOOaPwcRAEdYT/BXe9eiTKySnWVuIKMQTf5+6ETy5nsb1dpLp1s2j2yAM/XcRgFMg=="
      },
      "glutinum.types": {
        "type": "Project",
        "dependencies": {
          "FSharp.Core": "[10.1.301, )",
          "Fable.Core": "[5.2.0, )"
        }
      },
      "glutinum.web": {
        "type": "Project",
        "dependencies": {
          "FSharp.Core": "[10.1.301, )",
          "Fable.Core": "[5.2.0, )",
          "Glutinum.Types": "[1.0.0, )"
        }
      }
    }
  }
}