{
  "version": 1,
  "dependencies": {
    "net10.0": {
      "BlackFox.CommandLine": {
        "type": "Direct",
        "requested": "[1.0.0, )",
        "resolved": "1.0.0",
        "contentHash": "dSW7uLetl021HQXKcZd1xrXPjhsXgaJ5U4tFe64DLja1KZ2Ce6QeugHvZDvLfcPkEc1ZPRF7fWv5/T+X3ThWTA==",
        "dependencies": {
          "FSharp.Core": "4.2.3"
        }
      },
      "EasyBuild.CommitParser": {
        "type": "Direct",
        "requested": "[3.0.0, )",
        "resolved": "3.0.0",
        "contentHash": "4N8zQ3nXEdmsp8txFrrxz2SbB6ZCQ6/OYDdgrU8G9brUY17s6DYEkPL0tnWdGfjDPufBPO3Uvz4yIB8HonkY4w==",
        "dependencies": {
          "FSharp.Core": "7.0.300",
          "FsToolkit.ErrorHandling": "4.18.0",
          "Thoth.Json.Newtonsoft": "0.1.0"
        }
      },
      "EasyBuild.FileSystemProvider": {
        "type": "Direct",
        "requested": "[1.1.0, )",
        "resolved": "1.1.0",
        "contentHash": "O+/pVoGDLO6zzwacz/Ayi5DkOaGLOVfPMAe3EGjOda8D0RRgc23gbbH9bYONIHB7hb07Rc4tg4F4Da6GmlKqHQ=="
      },
      "EasyBuild.Tools": {
        "type": "Direct",
        "requested": "[8.0.0, )",
        "resolved": "8.0.0",
        "contentHash": "JOzgNrF1GzpTL+Gfyr+covS5hA+bo41MBS13sNWVkO4I6pG+1eIWNecKTRkkXVsuxydepPooCqWc4oXOayYweA==",
        "dependencies": {
          "BlackFox.CommandLine": "1.0.0",
          "FSharp.Core": "6.0.0",
          "SimpleExec": "13.0.0"
        }
      },
      "FSharp.Core": {
        "type": "Direct",
        "requested": "[10.1.301, )",
        "resolved": "10.1.301",
        "contentHash": "excLf2zM/qUB3WhRUfI0xvOOaPwcRAEdYT/BXe9eiTKySnWVuIKMQTf5+6ETy5nsb1dpLp1s2j2yAM/XcRgFMg=="
      },
      "LibGit2Sharp": {
        "type": "Direct",
        "requested": "[0.31.0, )",
        "resolved": "0.31.0",
        "contentHash": "b3+UfV7LjKMjAHWwl7VawejiOv2gJIC6dTCA/S0puLTHACAA/Oeb5JJmWUQMeyH/T/WR/LaIK8bk2RbdFnrZvg==",
        "dependencies": {
          "LibGit2Sharp.NativeBinaries": "[2.0.323]"
        }
      },
      "Semver": {
        "type": "Direct",
        "requested": "[3.0.0, )",
        "resolved": "3.0.0",
        "contentHash": "9jZCicsVgTebqkAujRWtC9J1A5EQVlu0TVKHcgoCuv345ve5DYf4D1MjhKEnQjdRZo6x/vdv6QQrYFs7ilGzLA==",
        "dependencies": {
          "Microsoft.Extensions.Primitives": "5.0.1"
        }
      },
      "SimpleExec": {
        "type": "Direct",
        "requested": "[13.0.0, )",
        "resolved": "13.0.0",
        "contentHash": "zcCR1pupa1wI1VqBULRiQKeHKKZOuJhi/K+4V5oO+rHJZlaOD53ViFo1c3PavDoMAfSn/FAXGAWpPoF57rwhYg=="
      },
      "Spectre.Console.Cli": {
        "type": "Direct",
        "requested": "[0.49.1, )",
        "resolved": "0.49.1",
        "contentHash": "wBZzyEbKqfPFFUPhV5E7/k4Kwy4UDO42IVzvzk0C4Pkjjw+NSd0EOBkIutYET4vJY4X81pD9ooQO9gfBGXj4+g==",
        "dependencies": {
          "Spectre.Console": "0.49.1"
        }
      },
      "Thoth.Json.Newtonsoft": {
        "type": "Direct",
        "requested": "[0.4.0, )",
        "resolved": "0.4.0",
        "contentHash": "EWFXybYZU10ecUNcZlYGsBW5UykqnhQLUFYsGtrT5Mk0DxseHRIcPyEGwKRAoC+kmcZldO3hTpQH/49XHsiTFw==",
        "dependencies": {
          "FSharp.Core": "10.1.203",
          "Newtonsoft.Json": "13.0.1",
          "Thoth.Json.Core": "0.9.0"
        }
      },
      "FsToolkit.ErrorHandling": {
        "type": "Transitive",
        "resolved": "4.18.0",
        "contentHash": "cGtOP6lWcnLcXiLTGZLHi+8JAyuUDjGhZOmJWnZfd5aPCUIyL+DqUIwmfEGkUk3j/gpcchLDk9BNwUTc1oM30w==",
        "dependencies": {
          "FSharp.Core": "7.0.300"
        }
      },
      "LibGit2Sharp.NativeBinaries": {
        "type": "Transitive",
        "resolved": "2.0.323",
        "contentHash": "Kg+fJGWhGj5qRXG0Ilj4ddhuodGXZg57yhfX6OVUDR0M2DKg/UR42/d74+qv5l1qotc1qJilo/ho7xQnULP6yA=="
      },
      "Microsoft.Extensions.Primitives": {
        "type": "Transitive",
        "resolved": "5.0.1",
        "contentHash": "5WPSmL4YeP7eW+Vc8XZ4DwjYWBAiSwDV9Hm63JJWcz1Ie3Xjv4KuJXzgCstj48LkLfVCYa7mLcx7y+q6yqVvtw=="
      },
      "Newtonsoft.Json": {
        "type": "Transitive",
        "resolved": "13.0.1",
        "contentHash": "ppPFpBcvxdsfUonNcvITKqLl3bqxWbDCZIzDWHzjpdAHRFfZe0Dw9HmA0+za13IdyrgJwpkDTDA9fHaxOrt20A=="
      },
      "Spectre.Console": {
        "type": "Transitive",
        "resolved": "0.49.1",
        "contentHash": "USV+pdu49OJ3nCjxNuw1K9Zw/c1HCBbwbjXZp0EOn6wM99tFdAtN34KEBZUMyRuJuXlUMDqhd8Yq9obW2MslYA=="
      },
      "Thoth.Json.Core": {
        "type": "Transitive",
        "resolved": "0.9.0",
        "contentHash": "Z5YCva8cyeOVYvzUBFIqU/VQ76Comqpqx7eCaUj8srHUw9gwrBcypMk0z/JIVtGhCdzY0ij4IqvZP1RFq+dhUA==",
        "dependencies": {
          "FSharp.Core": "10.1.203"
        }
      }
    }
  }
}