{
  "version": 1,
  "dependencies": {
    "net6.0": {
      "BlackFox.CommandLine": {
        "type": "Direct",
        "requested": "[1.0.0, )",
        "resolved": "1.0.0",
        "contentHash": "dSW7uLetl021HQXKcZd1xrXPjhsXgaJ5U4tFe64DLja1KZ2Ce6QeugHvZDvLfcPkEc1ZPRF7fWv5/T+X3ThWTA==",
        "dependencies": {
          "FSharp.Core": "4.2.3"
        }
      },
      "FSharp.Core": {
        "type": "Direct",
        "requested": "[8.0.100, )",
        "resolved": "8.0.100",
        "contentHash": "ZOVZ/o+jI3ormTZOa28Wh0tSRoyle1f7lKFcUN61sPiXI7eDZu8eSveFybgTeyIEyW0ujjp31cp7GOglDgsNEg=="
      },
      "FSharp.Management": {
        "type": "Direct",
        "requested": "[0.4.5, )",
        "resolved": "0.4.5",
        "contentHash": "XltjGP8ozMLnhGgISX34M9ut8txv0woGtZhiCGsiLSUgwi//k96XrOhms5BgUiVNNIc/p5wPR20j9HVW8iFC1w=="
      },
      "Semver": {
        "type": "Direct",
        "requested": "[2.3.0, )",
        "resolved": "2.3.0",
        "contentHash": "4vYo1zqn6pJ1YrhjuhuOSbIIm0CpM47grbpTJ5ABjOlfGt/EhMEM9ed4MRK5Jr6gVnntWDqOUzGeUJp68PZGjw=="
      },
      "SimpleExec": {
        "type": "Direct",
        "requested": "[11.0.0, )",
        "resolved": "11.0.0",
        "contentHash": "4r/YxcXlD9yk0XGdU07gUFey6ZiWu7LxG76l9d9xTDfObOcLvug1Xa9loQYuqs2nEviyTgicD1Svragh2qzlOA=="
      }
    }
  }
}